
Microsoft Visual Studio Solution File, Format Version 12.00
# Visual Studio 2015
Project("{FAE04EC0-301F-11D3-BF4B-00C04F79EFBC}") = "IVL.CSharp.Plugins", "IVL.CSharp.Plugins.csproj", "{C5A1C978-8E8F-9E23-6EF6-9CC8EED9D22F}"
EndProject
Project("{FAE04EC0-301F-11D3-BF4B-00C04F79EFBC}") = "IVL.CSharp", "IVL.CSharp.csproj", "{690854BB-885D-FA80-892A-A306202C2251}"
EndProject
Project("{FAE04EC0-301F-11D3-BF4B-00C04F79EFBC}") = "IVL.CSharp.Editor", "IVL.CSharp.Editor.csproj", "{830252E6-1687-0965-41F1-4AD256A65799}"
EndProject
Global
	GlobalSection(SolutionConfigurationPlatforms) = preSolution
		Debug|Any CPU = Debug|Any CPU
		Release|Any CPU = Release|Any CPU
	EndGlobalSection
	GlobalSection(ProjectConfigurationPlatforms) = postSolution
		{C5A1C978-8E8F-9E23-6EF6-9CC8EED9D22F}.Debug|Any CPU.ActiveCfg = Debug|Any CPU
		{C5A1C978-8E8F-9E23-6EF6-9CC8EED9D22F}.Debug|Any CPU.Build.0 = Debug|Any CPU
		{C5A1C978-8E8F-9E23-6EF6-9CC8EED9D22F}.Release|Any CPU.ActiveCfg = Release|Any CPU
		{C5A1C978-8E8F-9E23-6EF6-9CC8EED9D22F}.Release|Any CPU.Build.0 = Release|Any CPU
		{690854BB-885D-FA80-892A-A306202C2251}.Debug|Any CPU.ActiveCfg = Debug|Any CPU
		{690854BB-885D-FA80-892A-A306202C2251}.Debug|Any CPU.Build.0 = Debug|Any CPU
		{690854BB-885D-FA80-892A-A306202C2251}.Release|Any CPU.ActiveCfg = Release|Any CPU
		{690854BB-885D-FA80-892A-A306202C2251}.Release|Any CPU.Build.0 = Release|Any CPU
		{830252E6-1687-0965-41F1-4AD256A65799}.Debug|Any CPU.ActiveCfg = Debug|Any CPU
		{830252E6-1687-0965-41F1-4AD256A65799}.Debug|Any CPU.Build.0 = Debug|Any CPU
		{830252E6-1687-0965-41F1-4AD256A65799}.Release|Any CPU.ActiveCfg = Release|Any CPU
		{830252E6-1687-0965-41F1-4AD256A65799}.Release|Any CPU.Build.0 = Release|Any CPU
	EndGlobalSection
	GlobalSection(SolutionProperties) = preSolution
		HideSolutionNode = FALSE
	EndGlobalSection
EndGlobal
