Microsoft Visual Studio Solution File, Format Version 11.00
# Visual Studio 2008

Project("{95DA91B8-8EAF-C576-9C1E-B09108D70474}") = "IVL", "Assembly-CSharp-firstpass.csproj", "{88AD14A5-626C-A66C-685C-3FB2F4BD81F3}"
EndProject
Project("{95DA91B8-8EAF-C576-9C1E-B09108D70474}") = "IVL", "Assembly-CSharp.csproj", "{DCEBDB93-8413-C20B-5A21-63D4195AB8AD}"
EndProject
Project("{95DA91B8-8EAF-C576-9C1E-B09108D70474}") = "IVL", "Assembly-CSharp-Editor.csproj", "{AC20853E-28F8-FBFD-54A2-E378C24C9094}"
EndProject
Global
	GlobalSection(SolutionConfigurationPlatforms) = preSolution
		Debug|Any CPU = Debug|Any CPU
		Release|Any CPU = Release|Any CPU
	EndGlobalSection
	GlobalSection(ProjectConfigurationPlatforms) = postSolution
		{88AD14A5-626C-A66C-685C-3FB2F4BD81F3}.Debug|Any CPU.ActiveCfg = Debug|Any CPU
		{88AD14A5-626C-A66C-685C-3FB2F4BD81F3}.Debug|Any CPU.Build.0 = Debug|Any CPU
		{88AD14A5-626C-A66C-685C-3FB2F4BD81F3}.Release|Any CPU.ActiveCfg = Release|Any CPU
		{88AD14A5-626C-A66C-685C-3FB2F4BD81F3}.Release|Any CPU.Build.0 = Release|Any CPU
		{DCEBDB93-8413-C20B-5A21-63D4195AB8AD}.Debug|Any CPU.ActiveCfg = Debug|Any CPU
		{DCEBDB93-8413-C20B-5A21-63D4195AB8AD}.Debug|Any CPU.Build.0 = Debug|Any CPU
		{DCEBDB93-8413-C20B-5A21-63D4195AB8AD}.Release|Any CPU.ActiveCfg = Release|Any CPU
		{DCEBDB93-8413-C20B-5A21-63D4195AB8AD}.Release|Any CPU.Build.0 = Release|Any CPU
		{AC20853E-28F8-FBFD-54A2-E378C24C9094}.Debug|Any CPU.ActiveCfg = Debug|Any CPU
		{AC20853E-28F8-FBFD-54A2-E378C24C9094}.Debug|Any CPU.Build.0 = Debug|Any CPU
		{AC20853E-28F8-FBFD-54A2-E378C24C9094}.Release|Any CPU.ActiveCfg = Release|Any CPU
		{AC20853E-28F8-FBFD-54A2-E378C24C9094}.Release|Any CPU.Build.0 = Release|Any CPU
	EndGlobalSection
	GlobalSection(SolutionProperties) = preSolution
		HideSolutionNode = FALSE
	EndGlobalSection
	GlobalSection(MonoDevelopProperties) = preSolution
		StartupItem = Assembly-CSharp.csproj
	EndGlobalSection
EndGlobal
