Microsoft Visual Studio Solution File, Format Version 11.00
# Visual Studio 2008

Project("{BDCA9628-D9FF-65AA-D1C9-795EC6192780}") = "Leap Motion Test", "Assembly-CSharp-firstpass.csproj", "{A30DEC85-A1B2-DBD5-D623-F7AFE6234D22}"
EndProject
Project("{BDCA9628-D9FF-65AA-D1C9-795EC6192780}") = "Leap Motion Test", "Assembly-CSharp.csproj", "{9691228F-6657-6D07-D1E9-C977A0E0201F}"
EndProject
Project("{BDCA9628-D9FF-65AA-D1C9-795EC6192780}") = "Leap Motion Test", "Assembly-CSharp-Editor.csproj", "{F5399580-68F3-7A0F-6451-773BD3412FE0}"
EndProject
Global
	GlobalSection(SolutionConfigurationPlatforms) = preSolution
		Debug|Any CPU = Debug|Any CPU
		Release|Any CPU = Release|Any CPU
	EndGlobalSection
	GlobalSection(ProjectConfigurationPlatforms) = postSolution
		{A30DEC85-A1B2-DBD5-D623-F7AFE6234D22}.Debug|Any CPU.ActiveCfg = Debug|Any CPU
		{A30DEC85-A1B2-DBD5-D623-F7AFE6234D22}.Debug|Any CPU.Build.0 = Debug|Any CPU
		{A30DEC85-A1B2-DBD5-D623-F7AFE6234D22}.Release|Any CPU.ActiveCfg = Release|Any CPU
		{A30DEC85-A1B2-DBD5-D623-F7AFE6234D22}.Release|Any CPU.Build.0 = Release|Any CPU
		{9691228F-6657-6D07-D1E9-C977A0E0201F}.Debug|Any CPU.ActiveCfg = Debug|Any CPU
		{9691228F-6657-6D07-D1E9-C977A0E0201F}.Debug|Any CPU.Build.0 = Debug|Any CPU
		{9691228F-6657-6D07-D1E9-C977A0E0201F}.Release|Any CPU.ActiveCfg = Release|Any CPU
		{9691228F-6657-6D07-D1E9-C977A0E0201F}.Release|Any CPU.Build.0 = Release|Any CPU
		{F5399580-68F3-7A0F-6451-773BD3412FE0}.Debug|Any CPU.ActiveCfg = Debug|Any CPU
		{F5399580-68F3-7A0F-6451-773BD3412FE0}.Debug|Any CPU.Build.0 = Debug|Any CPU
		{F5399580-68F3-7A0F-6451-773BD3412FE0}.Release|Any CPU.ActiveCfg = Release|Any CPU
		{F5399580-68F3-7A0F-6451-773BD3412FE0}.Release|Any CPU.Build.0 = Release|Any CPU
	EndGlobalSection
	GlobalSection(SolutionProperties) = preSolution
		HideSolutionNode = FALSE
	EndGlobalSection
	GlobalSection(MonoDevelopProperties) = preSolution
		StartupItem = Assembly-CSharp.csproj
	EndGlobalSection
EndGlobal
